
Microsoft Visual Studio Solution File, Format Version 12.00
# Visual Studio Version 16
VisualStudioVersion = 16.0.30114.105
MinimumVisualStudioVersion = 10.0.40219.1
Project("{2150E333-8FDC-42A3-9474-1A3956D46DE8}") = "src", "src", "{AB5AC207-AE21-4883-BD9B-D9D9C9AD019B}"
EndProject
Project("{2150E333-8FDC-42A3-9474-1A3956D46DE8}") = "Services", "Services", "{1E183381-E039-4187-BC59-C27363CB0D54}"
EndProject
Project("{2150E333-8FDC-42A3-9474-1A3956D46DE8}") = "Policy", "Policy", "{434E7D12-DA02-4889-B537-2BAFD2C3EB2E}"
EndProject
Project("{FAE04EC0-301F-11D3-BF4B-00C04F79EFBC}") = "Policy", "src\Services\Policy\Policy.API\Policy.csproj", "{BC3363F9-377B-4DE7-A5FA-8C6F48D8733C}"
EndProject
Project("{FAE04EC0-301F-11D3-BF4B-00C04F79EFBC}") = "Policy.UnitTests", "src\Services\Policy\Policy.UnitTests\Policy.UnitTests.csproj", "{A8D830D4-5C0A-4836-AA79-69E94328CB5B}"
EndProject
Project("{2150E333-8FDC-42A3-9474-1A3956D46DE8}") = "Consumer", "Consumer", "{23D144DF-4451-410D-BA73-498BDA0ADC83}"
EndProject
Project("{FAE04EC0-301F-11D3-BF4B-00C04F79EFBC}") = "Consumer.API", "src\Services\Consumer\Consumer.API\Consumer.API.csproj", "{FFD63C91-64F7-4FD5-BFE8-197AFAC78617}"
EndProject
Project("{FAE04EC0-301F-11D3-BF4B-00C04F79EFBC}") = "Consumer.UnitTests", "src\Services\Consumer\Consumer.UnitTests\Consumer.UnitTests.csproj", "{3D4F70E7-4850-4C83-A9B8-1416A36A90E9}"
EndProject
Project("{2150E333-8FDC-42A3-9474-1A3956D46DE8}") = "Quotes", "Quotes", "{A4E70246-E177-421A-BDD5-4A945D33AC62}"
EndProject
Project("{FAE04EC0-301F-11D3-BF4B-00C04F79EFBC}") = "Quotes.API", "src\Services\Quotes\Quotes.API\Quotes.API.csproj", "{6A2E991C-F4EC-429E-B384-2AD71AAD1DF1}"
EndProject
Project("{FAE04EC0-301F-11D3-BF4B-00C04F79EFBC}") = "Quotes.UnitTests", "src\Services\Quotes\Quotes.UnitTests\Quotes.UnitTests.csproj", "{A476464F-7165-4854-8113-8AE68D48AF37}"
EndProject
Global
	GlobalSection(SolutionConfigurationPlatforms) = preSolution
		Debug|Any CPU = Debug|Any CPU
		Release|Any CPU = Release|Any CPU
	EndGlobalSection
	GlobalSection(SolutionProperties) = preSolution
		HideSolutionNode = FALSE
	EndGlobalSection
	GlobalSection(ProjectConfigurationPlatforms) = postSolution
		{BC3363F9-377B-4DE7-A5FA-8C6F48D8733C}.Debug|Any CPU.ActiveCfg = Debug|Any CPU
		{BC3363F9-377B-4DE7-A5FA-8C6F48D8733C}.Debug|Any CPU.Build.0 = Debug|Any CPU
		{BC3363F9-377B-4DE7-A5FA-8C6F48D8733C}.Release|Any CPU.ActiveCfg = Release|Any CPU
		{BC3363F9-377B-4DE7-A5FA-8C6F48D8733C}.Release|Any CPU.Build.0 = Release|Any CPU
		{A8D830D4-5C0A-4836-AA79-69E94328CB5B}.Debug|Any CPU.ActiveCfg = Debug|Any CPU
		{A8D830D4-5C0A-4836-AA79-69E94328CB5B}.Debug|Any CPU.Build.0 = Debug|Any CPU
		{A8D830D4-5C0A-4836-AA79-69E94328CB5B}.Release|Any CPU.ActiveCfg = Release|Any CPU
		{A8D830D4-5C0A-4836-AA79-69E94328CB5B}.Release|Any CPU.Build.0 = Release|Any CPU
		{FFD63C91-64F7-4FD5-BFE8-197AFAC78617}.Debug|Any CPU.ActiveCfg = Debug|Any CPU
		{FFD63C91-64F7-4FD5-BFE8-197AFAC78617}.Debug|Any CPU.Build.0 = Debug|Any CPU
		{FFD63C91-64F7-4FD5-BFE8-197AFAC78617}.Release|Any CPU.ActiveCfg = Release|Any CPU
		{FFD63C91-64F7-4FD5-BFE8-197AFAC78617}.Release|Any CPU.Build.0 = Release|Any CPU
		{3D4F70E7-4850-4C83-A9B8-1416A36A90E9}.Debug|Any CPU.ActiveCfg = Debug|Any CPU
		{3D4F70E7-4850-4C83-A9B8-1416A36A90E9}.Debug|Any CPU.Build.0 = Debug|Any CPU
		{3D4F70E7-4850-4C83-A9B8-1416A36A90E9}.Release|Any CPU.ActiveCfg = Release|Any CPU
		{3D4F70E7-4850-4C83-A9B8-1416A36A90E9}.Release|Any CPU.Build.0 = Release|Any CPU
		{6A2E991C-F4EC-429E-B384-2AD71AAD1DF1}.Debug|Any CPU.ActiveCfg = Debug|Any CPU
		{6A2E991C-F4EC-429E-B384-2AD71AAD1DF1}.Debug|Any CPU.Build.0 = Debug|Any CPU
		{6A2E991C-F4EC-429E-B384-2AD71AAD1DF1}.Release|Any CPU.ActiveCfg = Release|Any CPU
		{6A2E991C-F4EC-429E-B384-2AD71AAD1DF1}.Release|Any CPU.Build.0 = Release|Any CPU
		{A476464F-7165-4854-8113-8AE68D48AF37}.Debug|Any CPU.ActiveCfg = Debug|Any CPU
		{A476464F-7165-4854-8113-8AE68D48AF37}.Debug|Any CPU.Build.0 = Debug|Any CPU
		{A476464F-7165-4854-8113-8AE68D48AF37}.Release|Any CPU.ActiveCfg = Release|Any CPU
		{A476464F-7165-4854-8113-8AE68D48AF37}.Release|Any CPU.Build.0 = Release|Any CPU
	EndGlobalSection
	GlobalSection(NestedProjects) = preSolution
		{1E183381-E039-4187-BC59-C27363CB0D54} = {AB5AC207-AE21-4883-BD9B-D9D9C9AD019B}
		{434E7D12-DA02-4889-B537-2BAFD2C3EB2E} = {1E183381-E039-4187-BC59-C27363CB0D54}
		{BC3363F9-377B-4DE7-A5FA-8C6F48D8733C} = {434E7D12-DA02-4889-B537-2BAFD2C3EB2E}
		{A8D830D4-5C0A-4836-AA79-69E94328CB5B} = {434E7D12-DA02-4889-B537-2BAFD2C3EB2E}
		{23D144DF-4451-410D-BA73-498BDA0ADC83} = {1E183381-E039-4187-BC59-C27363CB0D54}
		{FFD63C91-64F7-4FD5-BFE8-197AFAC78617} = {23D144DF-4451-410D-BA73-498BDA0ADC83}
		{3D4F70E7-4850-4C83-A9B8-1416A36A90E9} = {23D144DF-4451-410D-BA73-498BDA0ADC83}
		{A4E70246-E177-421A-BDD5-4A945D33AC62} = {1E183381-E039-4187-BC59-C27363CB0D54}
		{6A2E991C-F4EC-429E-B384-2AD71AAD1DF1} = {A4E70246-E177-421A-BDD5-4A945D33AC62}
		{A476464F-7165-4854-8113-8AE68D48AF37} = {A4E70246-E177-421A-BDD5-4A945D33AC62}
	EndGlobalSection
EndGlobal
